
Microsoft Visual Studio Solution File, Format Version 12.00
# Visual Studio Version 17
VisualStudioVersion = 17.9.34701.34
MinimumVisualStudioVersion = 10.0.40219.1
Project("{FAE04EC0-301F-11D3-BF4B-00C04F79EFBC}") = "Two", "Two\Two.csproj", "{E6B84BEC-DAAC-4005-99EC-56D52977CAB0}"
EndProject
Global
	GlobalSection(SolutionConfigurationPlatforms) = preSolution
		Debug|Any CPU = Debug|Any CPU
		Release|Any CPU = Release|Any CPU
	EndGlobalSection
	GlobalSection(ProjectConfigurationPlatforms) = postSolution
		{E6B84BEC-DAAC-4005-99EC-56D52977CAB0}.Debug|Any CPU.ActiveCfg = Debug|Any CPU
		{E6B84BEC-DAAC-4005-99EC-56D52977CAB0}.Debug|Any CPU.Build.0 = Debug|Any CPU
		{E6B84BEC-DAAC-4005-99EC-56D52977CAB0}.Release|Any CPU.ActiveCfg = Release|Any CPU
		{E6B84BEC-DAAC-4005-99EC-56D52977CAB0}.Release|Any CPU.Build.0 = Release|Any CPU
	EndGlobalSection
	GlobalSection(SolutionProperties) = preSolution
		HideSolutionNode = FALSE
	EndGlobalSection
	GlobalSection(ExtensibilityGlobals) = postSolution
		SolutionGuid = {B667ACC5-2FAA-4A29-99F0-D7E5F96AB12F}
	EndGlobalSection
EndGlobal
